github.com/hedzr/log v0.2.2 h1:43pr9+y4tgqAnk8TuBjkCLXulGaSx7q4+o7ADcKhvdg=
github.com/hedzr/log v0.2.2/go.mod h1:lDXNKm4x+b3Dpw4r9P7DfvUnsckb4MJ7kn9ri8ipMPo=
golang.org/x/sys v0.0.0-20200728102440-3e129f6d46b1 h1:sIky/MyNRSHTrdxfsiUSS4WIAMvInbeXljJz+jDjeYE=
golang.org/x/sys v0.0.0-20200728102440-3e129f6d46b1/go.mod h1:h1NjWce9XRLGQEsW7wpKNCjG9DtNlClVuFLEZdDNbEs=
gopkg.in/hedzr/errors.v2 v2.1.1 h1:o9br2XgJORYrPR2DntOkLS32y3ZltOyc3vqJRaDqDQA=
gopkg.in/hedzr/errors.v2 v2.1.1/go.mod h1:DEescy6i8SVj60/wLdTtFfx9r+LIctBbOLf7hYJ30AA=
